
Microsoft Visual Studio Solution File, Format Version 12.00
# Visual Studio 15
VisualStudioVersion = 15.0.28010.2003
MinimumVisualStudioVersion = 10.0.40219.1
Project("{FAE04EC0-301F-11D3-BF4B-00C04F79EFBC}") = "Tela1", "Tela1\Tela1.csproj", "{9889D16B-A481-483B-8B1F-8A0F121DF93E}"
EndProject
Project("{FAE04EC0-301F-11D3-BF4B-00C04F79EFBC}") = "AgendaContatos", "AgendaContatos\AgendaContatos.csproj", "{5CD35F52-AEE5-4066-B2D7-788A22E8424D}"
EndProject
Project("{FAE04EC0-301F-11D3-BF4B-00C04F79EFBC}") = "EstudoXML", "EstudoXML\EstudoXML.csproj", "{A0247266-B8F6-4820-BB2E-22FC9BF30BD0}"
EndProject
Global
	GlobalSection(SolutionConfigurationPlatforms) = preSolution
		Debug|Any CPU = Debug|Any CPU
		Release|Any CPU = Release|Any CPU
	EndGlobalSection
	GlobalSection(ProjectConfigurationPlatforms) = postSolution
		{9889D16B-A481-483B-8B1F-8A0F121DF93E}.Debug|Any CPU.ActiveCfg = Debug|Any CPU
		{9889D16B-A481-483B-8B1F-8A0F121DF93E}.Debug|Any CPU.Build.0 = Debug|Any CPU
		{9889D16B-A481-483B-8B1F-8A0F121DF93E}.Release|Any CPU.ActiveCfg = Release|Any CPU
		{9889D16B-A481-483B-8B1F-8A0F121DF93E}.Release|Any CPU.Build.0 = Release|Any CPU
		{5CD35F52-AEE5-4066-B2D7-788A22E8424D}.Debug|Any CPU.ActiveCfg = Debug|Any CPU
		{5CD35F52-AEE5-4066-B2D7-788A22E8424D}.Debug|Any CPU.Build.0 = Debug|Any CPU
		{5CD35F52-AEE5-4066-B2D7-788A22E8424D}.Release|Any CPU.ActiveCfg = Release|Any CPU
		{5CD35F52-AEE5-4066-B2D7-788A22E8424D}.Release|Any CPU.Build.0 = Release|Any CPU
		{A0247266-B8F6-4820-BB2E-22FC9BF30BD0}.Debug|Any CPU.ActiveCfg = Debug|Any CPU
		{A0247266-B8F6-4820-BB2E-22FC9BF30BD0}.Debug|Any CPU.Build.0 = Debug|Any CPU
		{A0247266-B8F6-4820-BB2E-22FC9BF30BD0}.Release|Any CPU.ActiveCfg = Release|Any CPU
		{A0247266-B8F6-4820-BB2E-22FC9BF30BD0}.Release|Any CPU.Build.0 = Release|Any CPU
	EndGlobalSection
	GlobalSection(SolutionProperties) = preSolution
		HideSolutionNode = FALSE
	EndGlobalSection
	GlobalSection(ExtensibilityGlobals) = postSolution
		SolutionGuid = {150D5AA4-BAC9-4FDC-8322-95DA8392B35F}
	EndGlobalSection
EndGlobal
